// !$*UTF8*$!
{
	archiveVersion = 1;
	classes = {
	};
	objectVersion = 56;
	objects = {

/* Begin PBXBuildFile section */
		26CC65B42A879FA1000175AC /* personaApp.swift in Sources */ = {isa = PBXBuildFile; fileRef = 26CC65B32A879FA1000175AC /* personaApp.swift */; };
		26CC65B62A879FA1000175AC /* ContentView.swift in Sources */ = {isa = PBXBuildFile; fileRef = 26CC65B52A879FA1000175AC /* ContentView.swift */; };
		26CC65B82A879FA3000175AC /* Assets.xcassets in Resources */ = {isa = PBXBuildFile; fileRef = 26CC65B72A879FA3000175AC /* Assets.xcassets */; };
		26CC65BB2A879FA3000175AC /* Preview Assets.xcassets in Resources */ = {isa = PBXBuildFile; fileRef = 26CC65BA2A879FA3000175AC /* Preview Assets.xcassets */; };
		26CC65C22A87C0A0000175AC /* AuthManager.swift in Sources */ = {isa = PBXBuildFile; fileRef = 26CC65C12A87C0A0000175AC /* AuthManager.swift */; };
		26CC65C42A87C69E000175AC /* GoogleService-Info.plist in Resources */ = {isa = PBXBuildFile; fileRef = 26CC65C32A87C69E000175AC /* GoogleService-Info.plist */; };
		26CC65C62A87DCE7000175AC /* PersonRegistrationView.swift in Sources */ = {isa = PBXBuildFile; fileRef = 26CC65C52A87DCE7000175AC /* PersonRegistrationView.swift */; };
		26CC65C82A87E984000175AC /* IconPickerView.swift in Sources */ = {isa = PBXBuildFile; fileRef = 26CC65C72A87E984000175AC /* IconPickerView.swift */; };
		26CC65CA2A87EAAE000175AC /* PersonsListView.swift in Sources */ = {isa = PBXBuildFile; fileRef = 26CC65C92A87EAAE000175AC /* PersonsListView.swift */; };
		26CC65CC2A87EC11000175AC /* PersonDetailView.swift in Sources */ = {isa = PBXBuildFile; fileRef = 26CC65CB2A87EC11000175AC /* PersonDetailView.swift */; };
		BA0BF7F9D0F0224A37F52342 /* Pods_persona.framework in Frameworks */ = {isa = PBXBuildFile; fileRef = E475EE258E5B0042D935A3A4 /* Pods_persona.framework */; };
/* End PBXBuildFile section */

/* Begin PBXFileReference section */
		26CC65B02A879FA1000175AC /* persona.app */ = {isa = PBXFileReference; explicitFileType = wrapper.application; includeInIndex = 0; path = persona.app; sourceTree = BUILT_PRODUCTS_DIR; };
		26CC65B32A879FA1000175AC /* personaApp.swift */ = {isa = PBXFileReference; lastKnownFileType = sourcecode.swift; path = personaApp.swift; sourceTree = "<group>"; };
		26CC65B52A879FA1000175AC /* ContentView.swift */ = {isa = PBXFileReference; lastKnownFileType = sourcecode.swift; path = ContentView.swift; sourceTree = "<group>"; };
		26CC65B72A879FA3000175AC /* Assets.xcassets */ = {isa = PBXFileReference; lastKnownFileType = folder.assetcatalog; path = Assets.xcassets; sourceTree = "<group>"; };
		26CC65BA2A879FA3000175AC /* Preview Assets.xcassets */ = {isa = PBXFileReference; lastKnownFileType = folder.assetcatalog; path = "Preview Assets.xcassets"; sourceTree = "<group>"; };
		26CC65C12A87C0A0000175AC /* AuthManager.swift */ = {isa = PBXFileReference; fileEncoding = 4; lastKnownFileType = sourcecode.swift; path = AuthManager.swift; sourceTree = "<group>"; };
		26CC65C32A87C69E000175AC /* GoogleService-Info.plist */ = {isa = PBXFileReference; fileEncoding = 4; lastKnownFileType = text.plist.xml; path = "GoogleService-Info.plist"; sourceTree = "<group>"; };
		26CC65C52A87DCE7000175AC /* PersonRegistrationView.swift */ = {isa = PBXFileReference; lastKnownFileType = sourcecode.swift; path = PersonRegistrationView.swift; sourceTree = "<group>"; };
		26CC65C72A87E984000175AC /* IconPickerView.swift */ = {isa = PBXFileReference; lastKnownFileType = sourcecode.swift; path = IconPickerView.swift; sourceTree = "<group>"; };
		26CC65C92A87EAAE000175AC /* PersonsListView.swift */ = {isa = PBXFileReference; lastKnownFileType = sourcecode.swift; path = PersonsListView.swift; sourceTree = "<group>"; };
		26CC65CB2A87EC11000175AC /* PersonDetailView.swift */ = {isa = PBXFileReference; lastKnownFileType = sourcecode.swift; path = PersonDetailView.swift; sourceTree = "<group>"; };
		4193782912094966B30E634B /* Pods-persona.release.xcconfig */ = {isa = PBXFileReference; includeInIndex = 1; lastKnownFileType = text.xcconfig; name = "Pods-persona.release.xcconfig"; path = "Target Support Files/Pods-persona/Pods-persona.release.xcconfig"; sourceTree = "<group>"; };
		5BFEBFA13885312955074F67 /* Pods-persona.debug.xcconfig */ = {isa = PBXFileReference; includeInIndex = 1; lastKnownFileType = text.xcconfig; name = "Pods-persona.debug.xcconfig"; path = "Target Support Files/Pods-persona/Pods-persona.debug.xcconfig"; sourceTree = "<group>"; };
		E475EE258E5B0042D935A3A4 /* Pods_persona.framework */ = {isa = PBXFileReference; explicitFileType = wrapper.framework; includeInIndex = 0; path = Pods_persona.framework; sourceTree = BUILT_PRODUCTS_DIR; };
/* End PBXFileReference section */

/* Begin PBXFrameworksBuildPhase section */
		26CC65AD2A879FA1000175AC /* Frameworks */ = {
			isa = PBXFrameworksBuildPhase;
			buildActionMask = 2147483647;
			files = (
				BA0BF7F9D0F0224A37F52342 /* Pods_persona.framework in Frameworks */,
			);
			runOnlyForDeploymentPostprocessing = 0;
		};
/* End PBXFrameworksBuildPhase section */

/* Begin PBXGroup section */
		24FC6E9869ED8A218DF5792A /* Frameworks */ = {
			isa = PBXGroup;
			children = (
				E475EE258E5B0042D935A3A4 /* Pods_persona.framework */,
			);
			name = Frameworks;
			sourceTree = "<group>";
		};
		26CC65A72A879FA1000175AC = {
			isa = PBXGroup;
			children = (
				26CC65B22A879FA1000175AC /* persona */,
				26CC65B12A879FA1000175AC /* Products */,
				B7F2CCC26658D7516C382E26 /* Pods */,
				24FC6E9869ED8A218DF5792A /* Frameworks */,
			);
			sourceTree = "<group>";
		};
		26CC65B12A879FA1000175AC /* Products */ = {
			isa = PBXGroup;
			children = (
				26CC65B02A879FA1000175AC /* persona.app */,
			);
			name = Products;
			sourceTree = "<group>";
		};
		26CC65B22A879FA1000175AC /* persona */ = {
			isa = PBXGroup;
			children = (
				26CC65B32A879FA1000175AC /* personaApp.swift */,
				26CC65C12A87C0A0000175AC /* AuthManager.swift */,
				26CC65B52A879FA1000175AC /* ContentView.swift */,
				26CC65C52A87DCE7000175AC /* PersonRegistrationView.swift */,
				26CC65C92A87EAAE000175AC /* PersonsListView.swift */,
				26CC65CB2A87EC11000175AC /* PersonDetailView.swift */,
				26CC65C72A87E984000175AC /* IconPickerView.swift */,
				26CC65B72A879FA3000175AC /* Assets.xcassets */,
				26CC65C32A87C69E000175AC /* GoogleService-Info.plist */,
				26CC65B92A879FA3000175AC /* Preview Content */,
			);
			path = persona;
			sourceTree = "<group>";
		};
		26CC65B92A879FA3000175AC /* Preview Content */ = {
			isa = PBXGroup;
			children = (
				26CC65BA2A879FA3000175AC /* Preview Assets.xcassets */,
			);
			path = "Preview Content";
			sourceTree = "<group>";
		};
		B7F2CCC26658D7516C382E26 /* Pods */ = {
			isa = PBXGroup;
			children = (
				5BFEBFA13885312955074F67 /* Pods-persona.debug.xcconfig */,
				4193782912094966B30E634B /* Pods-persona.release.xcconfig */,
			);
			path = Pods;
			sourceTree = "<group>";
		};
/* End PBXGroup section */

/* Begin PBXNativeTarget section */
		26CC65AF2A879FA1000175AC /* persona */ = {
			isa = PBXNativeTarget;
			buildConfigurationList = 26CC65BE2A879FA3000175AC /* Build configuration list for PBXNativeTarget "persona" */;
			buildPhases = (
				9BD58CD9EFA0DD4BE88EA33C /* [CP] Check Pods Manifest.lock */,
				26CC65AC2A879FA1000175AC /* Sources */,
				26CC65AD2A879FA1000175AC /* Frameworks */,
				26CC65AE2A879FA1000175AC /* Resources */,
				3CEF7C5F2C86F25921E044AA /* [CP] Embed Pods Frameworks */,
			);
			buildRules = (
			);
			dependencies = (
			);
			name = persona;
			productName = persona;
			productReference = 26CC65B02A879FA1000175AC /* persona.app */;
			productType = "com.apple.product-type.application";
		};
/* End PBXNativeTarget section */

/* Begin PBXProject section */
		26CC65A82A879FA1000175AC /* Project object */ = {
			isa = PBXProject;
			attributes = {
				BuildIndependentTargetsInParallel = 1;
				LastSwiftUpdateCheck = 1430;
				LastUpgradeCheck = 1430;
				TargetAttributes = {
					26CC65AF2A879FA1000175AC = {
						CreatedOnToolsVersion = 14.3;
					};
				};
			};
			buildConfigurationList = 26CC65AB2A879FA1000175AC /* Build configuration list for PBXProject "persona" */;
			compatibilityVersion = "Xcode 14.0";
			developmentRegion = en;
			hasScannedForEncodings = 0;
			knownRegions = (
				en,
				Base,
			);
			mainGroup = 26CC65A72A879FA1000175AC;
			productRefGroup = 26CC65B12A879FA1000175AC /* Products */;
			projectDirPath = "";
			projectRoot = "";
			targets = (
				26CC65AF2A879FA1000175AC /* persona */,
			);
		};
/* End PBXProject section */

/* Begin PBXResourcesBuildPhase section */
		26CC65AE2A879FA1000175AC /* Resources */ = {
			isa = PBXResourcesBuildPhase;
			buildActionMask = 2147483647;
			files = (
				26CC65C42A87C69E000175AC /* GoogleService-Info.plist in Resources */,
				26CC65BB2A879FA3000175AC /* Preview Assets.xcassets in Resources */,
				26CC65B82A879FA3000175AC /* Assets.xcassets in Resources */,
			);
			runOnlyForDeploymentPostprocessing = 0;
		};
/* End PBXResourcesBuildPhase section */

/* Begin PBXShellScriptBuildPhase section */
		3CEF7C5F2C86F25921E044AA /* [CP] Embed Pods Frameworks */ = {
			isa = PBXShellScriptBuildPhase;
			buildActionMask = 2147483647;
			files = (
			);
			inputFileListPaths = (
				"${PODS_ROOT}/Target Support Files/Pods-persona/Pods-persona-frameworks-${CONFIGURATION}-input-files.xcfilelist",
			);
			name = "[CP] Embed Pods Frameworks";
			outputFileListPaths = (
				"${PODS_ROOT}/Target Support Files/Pods-persona/Pods-persona-frameworks-${CONFIGURATION}-output-files.xcfilelist",
			);
			runOnlyForDeploymentPostprocessing = 0;
			shellPath = /bin/sh;
			shellScript = "\"${PODS_ROOT}/Target Support Files/Pods-persona/Pods-persona-frameworks.sh\"\n";
			showEnvVarsInLog = 0;
		};
		9BD58CD9EFA0DD4BE88EA33C /* [CP] Check Pods Manifest.lock */ = {
			isa = PBXShellScriptBuildPhase;
			buildActionMask = 2147483647;
			files = (
			);
			inputFileListPaths = (
			);
			inputPaths = (
				"${PODS_PODFILE_DIR_PATH}/Podfile.lock",
				"${PODS_ROOT}/Manifest.lock",
			);
			name = "[CP] Check Pods Manifest.lock";
			outputFileListPaths = (
			);
			outputPaths = (
				"$(DERIVED_FILE_DIR)/Pods-persona-checkManifestLockResult.txt",
			);
			runOnlyForDeploymentPostprocessing = 0;
			shellPath = /bin/sh;
			shellScript = "diff \"${PODS_PODFILE_DIR_PATH}/Podfile.lock\" \"${PODS_ROOT}/Manifest.lock\" > /dev/null\nif [ $? != 0 ] ; then\n    # print error to STDERR\n    echo \"error: The sandbox is not in sync with the Podfile.lock. Run 'pod install' or update your CocoaPods installation.\" >&2\n    exit 1\nfi\n# This output is used by Xcode 'outputs' to avoid re-running this script phase.\necho \"SUCCESS\" > \"${SCRIPT_OUTPUT_FILE_0}\"\n";
			showEnvVarsInLog = 0;
		};
/* End PBXShellScriptBuildPhase section */

/* Begin PBXSourcesBuildPhase section */
		26CC65AC2A879FA1000175AC /* Sources */ = {
			isa = PBXSourcesBuildPhase;
			buildActionMask = 2147483647;
			files = (
				26CC65C82A87E984000175AC /* IconPickerView.swift in Sources */,
				26CC65CA2A87EAAE000175AC /* PersonsListView.swift in Sources */,
				26CC65C62A87DCE7000175AC /* PersonRegistrationView.swift in Sources */,
				26CC65B62A879FA1000175AC /* ContentView.swift in Sources */,
				26CC65C22A87C0A0000175AC /* AuthManager.swift in Sources */,
				26CC65CC2A87EC11000175AC /* PersonDetailView.swift in Sources */,
				26CC65B42A879FA1000175AC /* personaApp.swift in Sources */,
			);
			runOnlyForDeploymentPostprocessing = 0;
		};
/* End PBXSourcesBuildPhase section */

/* Begin XCBuildConfiguration section */
		26CC65BC2A879FA3000175AC /* Debug */ = {
			isa = XCBuildConfiguration;
			buildSettings = {
				ALWAYS_SEARCH_USER_PATHS = NO;
				CLANG_ANALYZER_NONNULL = YES;
				CLANG_ANALYZER_NUMBER_OBJECT_CONVERSION = YES_AGGRESSIVE;
				CLANG_CXX_LANGUAGE_STANDARD = "gnu++20";
				CLANG_ENABLE_MODULES = YES;
				CLANG_ENABLE_OBJC_ARC = YES;
				CLANG_ENABLE_OBJC_WEAK = YES;
				CLANG_WARN_BLOCK_CAPTURE_AUTORELEASING = YES;
				CLANG_WARN_BOOL_CONVERSION = YES;
				CLANG_WARN_COMMA = YES;
				CLANG_WARN_CONSTANT_CONVERSION = YES;
				CLANG_WARN_DEPRECATED_OBJC_IMPLEMENTATIONS = YES;
				CLANG_WARN_DIRECT_OBJC_ISA_USAGE = YES_ERROR;
				CLANG_WARN_DOCUMENTATION_COMMENTS = YES;
				CLANG_WARN_EMPTY_BODY = YES;
				CLANG_WARN_ENUM_CONVERSION = YES;
				CLANG_WARN_INFINITE_RECURSION = YES;
				CLANG_WARN_INT_CONVERSION = YES;
				CLANG_WARN_NON_LITERAL_NULL_CONVERSION = YES;
				CLANG_WARN_OBJC_IMPLICIT_RETAIN_SELF = YES;
				CLANG_WARN_OBJC_LITERAL_CONVERSION = YES;
				CLANG_WARN_OBJC_ROOT_CLASS = YES_ERROR;
				CLANG_WARN_QUOTED_INCLUDE_IN_FRAMEWORK_HEADER = YES;
				CLANG_WARN_RANGE_LOOP_ANALYSIS = YES;
				CLANG_WARN_STRICT_PROTOTYPES = YES;
				CLANG_WARN_SUSPICIOUS_MOVE = YES;
				CLANG_WARN_UNGUARDED_AVAILABILITY = YES_AGGRESSIVE;
				CLANG_WARN_UNREACHABLE_CODE = YES;
				CLANG_WARN__DUPLICATE_METHOD_MATCH = YES;
				COPY_PHASE_STRIP = NO;
				DEBUG_INFORMATION_FORMAT = dwarf;
				ENABLE_STRICT_OBJC_MSGSEND = YES;
				ENABLE_TESTABILITY = YES;
				GCC_C_LANGUAGE_STANDARD = gnu11;
				GCC_DYNAMIC_NO_PIC = NO;
				GCC_NO_COMMON_BLOCKS = YES;
				GCC_OPTIMIZATION_LEVEL = 0;
				GCC_PREPROCESSOR_DEFINITIONS = (
					"DEBUG=1",
					"$(inherited)",
				);
				GCC_WARN_64_TO_32_BIT_CONVERSION = YES;
				GCC_WARN_ABOUT_RETURN_TYPE = YES_ERROR;
				GCC_WARN_UNDECLARED_SELECTOR = YES;
				GCC_WARN_UNINITIALIZED_AUTOS = YES_AGGRESSIVE;
				GCC_WARN_UNUSED_FUNCTION = YES;
				GCC_WARN_UNUSED_VARIABLE = YES;
				IPHONEOS_DEPLOYMENT_TARGET = 16.4;
				MTL_ENABLE_DEBUG_INFO = INCLUDE_SOURCE;
				MTL_FAST_MATH = YES;
				ONLY_ACTIVE_ARCH = YES;
				SDKROOT = iphoneos;
				SWIFT_ACTIVE_COMPILATION_CONDITIONS = DEBUG;
				SWIFT_OPTIMIZATION_LEVEL = "-Onone";
			};
			name = Debug;
		};
		26CC65BD2A879FA3000175AC /* Release */ = {
			isa = XCBuildConfiguration;
			buildSettings = {
				ALWAYS_SEARCH_USER_PATHS = NO;
				CLANG_ANALYZER_NONNULL = YES;
				CLANG_ANALYZER_NUMBER_OBJECT_CONVERSION = YES_AGGRESSIVE;
				CLANG_CXX_LANGUAGE_STANDARD = "gnu++20";
				CLANG_ENABLE_MODULES = YES;
				CLANG_ENABLE_OBJC_ARC = YES;
				CLANG_ENABLE_OBJC_WEAK = YES;
				CLANG_WARN_BLOCK_CAPTURE_AUTORELEASING = YES;
				CLANG_WARN_BOOL_CONVERSION = YES;
				CLANG_WARN_COMMA = YES;
				CLANG_WARN_CONSTANT_CONVERSION = YES;
				CLANG_WARN_DEPRECATED_OBJC_IMPLEMENTATIONS = YES;
				CLANG_WARN_DIRECT_OBJC_ISA_USAGE = YES_ERROR;
				CLANG_WARN_DOCUMENTATION_COMMENTS = YES;
				CLANG_WARN_EMPTY_BODY = YES;
				CLANG_WARN_ENUM_CONVERSION = YES;
				CLANG_WARN_INFINITE_RECURSION = YES;
				CLANG_WARN_INT_CONVERSION = YES;
				CLANG_WARN_NON_LITERAL_NULL_CONVERSION = YES;
				CLANG_WARN_OBJC_IMPLICIT_RETAIN_SELF = YES;
				CLANG_WARN_OBJC_LITERAL_CONVERSION = YES;
				CLANG_WARN_OBJC_ROOT_CLASS = YES_ERROR;
				CLANG_WARN_QUOTED_INCLUDE_IN_FRAMEWORK_HEADER = YES;
				CLANG_WARN_RANGE_LOOP_ANALYSIS = YES;
				CLANG_WARN_STRICT_PROTOTYPES = YES;
				CLANG_WARN_SUSPICIOUS_MOVE = YES;
				CLANG_WARN_UNGUARDED_AVAILABILITY = YES_AGGRESSIVE;
				CLANG_WARN_UNREACHABLE_CODE = YES;
				CLANG_WARN__DUPLICATE_METHOD_MATCH = YES;
				COPY_PHASE_STRIP = NO;
				DEBUG_INFORMATION_FORMAT = "dwarf-with-dsym";
				ENABLE_NS_ASSERTIONS = NO;
				ENABLE_STRICT_OBJC_MSGSEND = YES;
				GCC_C_LANGUAGE_STANDARD = gnu11;
				GCC_NO_COMMON_BLOCKS = YES;
				GCC_WARN_64_TO_32_BIT_CONVERSION = YES;
				GCC_WARN_ABOUT_RETURN_TYPE = YES_ERROR;
				GCC_WARN_UNDECLARED_SELECTOR = YES;
				GCC_WARN_UNINITIALIZED_AUTOS = YES_AGGRESSIVE;
				GCC_WARN_UNUSED_FUNCTION = YES;
				GCC_WARN_UNUSED_VARIABLE = YES;
				IPHONEOS_DEPLOYMENT_TARGET = 16.4;
				MTL_ENABLE_DEBUG_INFO = NO;
				MTL_FAST_MATH = YES;
				SDKROOT = iphoneos;
				SWIFT_COMPILATION_MODE = wholemodule;
				SWIFT_OPTIMIZATION_LEVEL = "-O";
				VALIDATE_PRODUCT = YES;
			};
			name = Release;
		};
		26CC65BF2A879FA3000175AC /* Debug */ = {
			isa = XCBuildConfiguration;
			baseConfigurationReference = 5BFEBFA13885312955074F67 /* Pods-persona.debug.xcconfig */;
			buildSettings = {
				ASSETCATALOG_COMPILER_APPICON_NAME = AppIcon;
				ASSETCATALOG_COMPILER_GLOBAL_ACCENT_COLOR_NAME = AccentColor;
				CODE_SIGN_STYLE = Automatic;
				CURRENT_PROJECT_VERSION = 1;
				DEVELOPMENT_ASSET_PATHS = "\"persona/Preview Content\"";
				DEVELOPMENT_TEAM = F3XS565TSX;
				ENABLE_PREVIEWS = YES;
				GENERATE_INFOPLIST_FILE = YES;
				INFOPLIST_KEY_UIApplicationSceneManifest_Generation = YES;
				INFOPLIST_KEY_UIApplicationSupportsIndirectInputEvents = YES;
				INFOPLIST_KEY_UILaunchScreen_Generation = YES;
				INFOPLIST_KEY_UISupportedInterfaceOrientations_iPad = "UIInterfaceOrientationPortrait UIInterfaceOrientationPortraitUpsideDown UIInterfaceOrientationLandscapeLeft UIInterfaceOrientationLandscapeRight";
				INFOPLIST_KEY_UISupportedInterfaceOrientations_iPhone = "UIInterfaceOrientationPortrait UIInterfaceOrientationLandscapeLeft UIInterfaceOrientationLandscapeRight";
				LD_RUNPATH_SEARCH_PATHS = (
					"$(inherited)",
					"@executable_path/Frameworks",
				);
				MARKETING_VERSION = 1.0;
				PRODUCT_BUNDLE_IDENTIFIER = "Swift-Beginners-app.persona";
				PRODUCT_NAME = "$(TARGET_NAME)";
				SWIFT_EMIT_LOC_STRINGS = YES;
				SWIFT_VERSION = 5.0;
				TARGETED_DEVICE_FAMILY = "1,2";
			};
			name = Debug;
		};
		26CC65C02A879FA3000175AC /* Release */ = {
			isa = XCBuildConfiguration;
			baseConfigurationReference = 4193782912094966B30E634B /* Pods-persona.release.xcconfig */;
			buildSettings = {
				ASSETCATALOG_COMPILER_APPICON_NAME = AppIcon;
				ASSETCATALOG_COMPILER_GLOBAL_ACCENT_COLOR_NAME = AccentColor;
				CODE_SIGN_STYLE = Automatic;
				CURRENT_PROJECT_VERSION = 1;
				DEVELOPMENT_ASSET_PATHS = "\"persona/Preview Content\"";
				DEVELOPMENT_TEAM = F3XS565TSX;
				ENABLE_PREVIEWS = YES;
				GENERATE_INFOPLIST_FILE = YES;
				INFOPLIST_KEY_UIApplicationSceneManifest_Generation = YES;
				INFOPLIST_KEY_UIApplicationSupportsIndirectInputEvents = YES;
				INFOPLIST_KEY_UILaunchScreen_Generation = YES;
				INFOPLIST_KEY_UISupportedInterfaceOrientations_iPad = "UIInterfaceOrientationPortrait UIInterfaceOrientationPortraitUpsideDown UIInterfaceOrientationLandscapeLeft UIInterfaceOrientationLandscapeRight";
				INFOPLIST_KEY_UISupportedInterfaceOrientations_iPhone = "UIInterfaceOrientationPortrait UIInterfaceOrientationLandscapeLeft UIInterfaceOrientationLandscapeRight";
				LD_RUNPATH_SEARCH_PATHS = (
					"$(inherited)",
					"@executable_path/Frameworks",
				);
				MARKETING_VERSION = 1.0;
				PRODUCT_BUNDLE_IDENTIFIER = "Swift-Beginners-app.persona";
				PRODUCT_NAME = "$(TARGET_NAME)";
				SWIFT_EMIT_LOC_STRINGS = YES;
				SWIFT_VERSION = 5.0;
				TARGETED_DEVICE_FAMILY = "1,2";
			};
			name = Release;
		};
/* End XCBuildConfiguration section */

/* Begin XCConfigurationList section */
		26CC65AB2A879FA1000175AC /* Build configuration list for PBXProject "persona" */ = {
			isa = XCConfigurationList;
			buildConfigurations = (
				26CC65BC2A879FA3000175AC /* Debug */,
				26CC65BD2A879FA3000175AC /* Release */,
			);
			defaultConfigurationIsVisible = 0;
			defaultConfigurationName = Release;
		};
		26CC65BE2A879FA3000175AC /* Build configuration list for PBXNativeTarget "persona" */ = {
			isa = XCConfigurationList;
			buildConfigurations = (
				26CC65BF2A879FA3000175AC /* Debug */,
				26CC65C02A879FA3000175AC /* Release */,
			);
			defaultConfigurationIsVisible = 0;
			defaultConfigurationName = Release;
		};
/* End XCConfigurationList section */
	};
	rootObject = 26CC65A82A879FA1000175AC /* Project object */;
}
